
Microsoft Visual Studio Solution File, Format Version 12.00
# Visual Studio Version 17
VisualStudioVersion = 17.14.36705.20 d17.14
MinimumVisualStudioVersion = 10.0.40219.1
Project("{FAE04EC0-301F-11D3-BF4B-00C04F79EFBC}") = "LR_1", "LR_1\LR_1.csproj", "{66C72EF7-CFFA-4A58-9FD9-1723355E0167}"
EndProject
Global
	GlobalSection(SolutionConfigurationPlatforms) = preSolution
		Debug|Any CPU = Debug|Any CPU
		Release|Any CPU = Release|Any CPU
	EndGlobalSection
	GlobalSection(ProjectConfigurationPlatforms) = postSolution
		{66C72EF7-CFFA-4A58-9FD9-1723355E0167}.Debug|Any CPU.ActiveCfg = Debug|Any CPU
		{66C72EF7-CFFA-4A58-9FD9-1723355E0167}.Debug|Any CPU.Build.0 = Debug|Any CPU
		{66C72EF7-CFFA-4A58-9FD9-1723355E0167}.Release|Any CPU.ActiveCfg = Release|Any CPU
		{66C72EF7-CFFA-4A58-9FD9-1723355E0167}.Release|Any CPU.Build.0 = Release|Any CPU
	EndGlobalSection
	GlobalSection(SolutionProperties) = preSolution
		HideSolutionNode = FALSE
	EndGlobalSection
	GlobalSection(ExtensibilityGlobals) = postSolution
		SolutionGuid = {E988BA2F-A9B5-4681-892A-37AF9B841A87}
	EndGlobalSection
EndGlobal
